{
  "name": "arrivelah",
  "version": "5.0.0",
  "lockfileVersion": 2,
  "requires": true,
  "packages": {
    "": {
      "name": "arrivelah",
      "version": "5.0.0",
      "license": "MIT",
      "dependencies": {
        "undici": "^7.2.0"
      },
      "engines": {
        "node": "24.x"
      }
    },
    "node_modules/undici": {
      "version": "7.19.0",
      "resolved": "https://registry.npmjs.org/undici/-/undici-7.19.0.tgz",
      "integrity": "sha512-Heho1hJD81YChi+uS2RkSjcVO+EQLmLSyUlHyp7Y/wFbxQaGb4WXVKD073JytrjXJVkSZVzoE2MCSOKugFGtOQ==",
      "license": "MIT",
      "engines": {
        "node": ">=20.18.1"
      }
    }
  },
  "dependencies": {
    "undici": {
      "version": "7.19.0",
      "resolved": "https://registry.npmjs.org/undici/-/undici-7.19.0.tgz",
      "integrity": "sha512-Heho1hJD81YChi+uS2RkSjcVO+EQLmLSyUlHyp7Y/wFbxQaGb4WXVKD073JytrjXJVkSZVzoE2MCSOKugFGtOQ=="
    }
  }
}
